
Microsoft Visual Studio Solution File, Format Version 12.00
# Visual Studio Version 17
VisualStudioVersion = 17.9.34622.214
MinimumVisualStudioVersion = 10.0.40219.1
Project("{2150E333-8FDC-42A3-9474-1A3956D46DE8}") = "Services", "Services", "{1E06EBFF-6C9D-48E8-8515-D90FACE7E3AA}"
EndProject
Project("{2150E333-8FDC-42A3-9474-1A3956D46DE8}") = "Catalog", "Catalog", "{24025C0B-E53A-4DA8-A0AC-3260B63D40C9}"
EndProject
Project("{9A19103F-16F7-4668-BE54-9A1E7A4F7556}") = "MultiShop.Catalog", "Services\Catalog\MultiShop.Catalog\MultiShop.Catalog.csproj", "{FC93CBF4-E377-42C6-AE26-7E5C44992171}"
EndProject
Project("{2150E333-8FDC-42A3-9474-1A3956D46DE8}") = "Discount", "Discount", "{11FAE494-7E62-4E02-B46B-1A94447B91A1}"
EndProject
Project("{9A19103F-16F7-4668-BE54-9A1E7A4F7556}") = "MultiShop.Discount", "Services\Discount\MultiShop.Discount\MultiShop.Discount.csproj", "{B5337787-C7A3-4724-8A56-5852E5370BA7}"
EndProject
Project("{2150E333-8FDC-42A3-9474-1A3956D46DE8}") = "Order", "Order", "{C4358AE1-670A-43FE-84B5-A458E057E11D}"
EndProject
Project("{2150E333-8FDC-42A3-9474-1A3956D46DE8}") = "Core", "Core", "{62D6D0E9-F83A-4B2C-B5F2-34015B6B7C3C}"
EndProject
Project("{9A19103F-16F7-4668-BE54-9A1E7A4F7556}") = "MultiShop.Order.Domain", "Services\Order\Core\MultiShop.Order.Domain\MultiShop.Order.Domain.csproj", "{B1CAECC4-9C92-405E-9281-79CBB51588F3}"
EndProject
Project("{9A19103F-16F7-4668-BE54-9A1E7A4F7556}") = "MultiShop.Order.Application", "Services\Order\Core\MultiShop.Order.Application\MultiShop.Order.Application.csproj", "{99187CAE-B06E-4EF5-AF76-7BEBAE0356AF}"
EndProject
Project("{2150E333-8FDC-42A3-9474-1A3956D46DE8}") = "Infrastructure", "Infrastructure", "{90FA5E6B-AD43-48ED-92CE-F6B8410CB475}"
EndProject
Project("{9A19103F-16F7-4668-BE54-9A1E7A4F7556}") = "MultiShop.Order.Persistence", "Services\Order\Infrastructure\MultiShop.Order.Persistence\MultiShop.Order.Persistence.csproj", "{F8E9D82B-AEC1-4169-9C22-79BE2D0A9D8C}"
EndProject
Project("{2150E333-8FDC-42A3-9474-1A3956D46DE8}") = "Presentation", "Presentation", "{F3D3DF0F-1CF5-43D2-A72B-1CA8EDAAA11E}"
EndProject
Project("{9A19103F-16F7-4668-BE54-9A1E7A4F7556}") = "MultiShop.Order.WebApi", "Services\Order\Presentation\MultiShop.Order.WebApi\MultiShop.Order.WebApi.csproj", "{C26F6338-4AB4-4900-BEC6-B0C9EE515D96}"
EndProject
Project("{2150E333-8FDC-42A3-9474-1A3956D46DE8}") = "IdentityServer", "IdentityServer", "{EEE05518-6C7C-4980-8D60-E9E3D18C2E5E}"
EndProject
Project("{9A19103F-16F7-4668-BE54-9A1E7A4F7556}") = "MultiShop.IdentityServer", "IdentityServer\MultiShop.IdentityServer\MultiShop.IdentityServer.csproj", "{851FC2F3-A5BE-4D91-930F-789675039E03}"
EndProject
Project("{2150E333-8FDC-42A3-9474-1A3956D46DE8}") = "Cargo", "Cargo", "{26B5DE3F-0C24-464B-A1F6-3878E7D63128}"
EndProject
Project("{9A19103F-16F7-4668-BE54-9A1E7A4F7556}") = "MultiShop.Cargo.EntityLayer", "Services\Cargo\MultiShop.Cargo.EntityLayer\MultiShop.Cargo.EntityLayer.csproj", "{D9B02782-E902-4E25-A8DB-02692606B707}"
EndProject
Project("{9A19103F-16F7-4668-BE54-9A1E7A4F7556}") = "MultiShop.Cargo.BusinessLayer", "Services\Cargo\MultiShop.Cargo.BusinessLayer\MultiShop.Cargo.BusinessLayer.csproj", "{F43C6F9B-7CF2-4B1A-A628-9407D7B1E04C}"
EndProject
Project("{9A19103F-16F7-4668-BE54-9A1E7A4F7556}") = "MultiShop.Cargo.DataAccessLayer", "MultiShop.Cargo.DataAccessLayer\MultiShop.Cargo.DataAccessLayer.csproj", "{8D5157DA-3181-47CF-91B8-AE6EF021A59A}"
EndProject
Project("{9A19103F-16F7-4668-BE54-9A1E7A4F7556}") = "MultiShop.Cargo.DtoLayer", "Services\Cargo\MultiShop.Cargo.DtoLayer\MultiShop.Cargo.DtoLayer.csproj", "{9F3F6DA3-3C3A-49B8-9D5B-C2ED4EF39690}"
EndProject
Project("{9A19103F-16F7-4668-BE54-9A1E7A4F7556}") = "MultiShop.Cargo.WebApi", "Services\Cargo\MultiShop.Cargo.WebApi\MultiShop.Cargo.WebApi.csproj", "{D6F499E2-B83C-4EE2-9EE7-93E0F88104C0}"
EndProject
Project("{2150E333-8FDC-42A3-9474-1A3956D46DE8}") = "Basket", "Basket", "{42EE854E-A82C-4537-AA11-0F6CCD0B46CB}"
EndProject
Project("{9A19103F-16F7-4668-BE54-9A1E7A4F7556}") = "MultiShop.Basket", "Services\Basket\MultiShop.Basket\MultiShop.Basket.csproj", "{9244C57F-A18C-4B46-8F9B-B536C8F34537}"
EndProject
Project("{2150E333-8FDC-42A3-9474-1A3956D46DE8}") = "Frontends", "Frontends", "{7D6681E7-0A97-45B4-B9A9-043E455C7DAC}"
EndProject
Project("{9A19103F-16F7-4668-BE54-9A1E7A4F7556}") = "MultiShop.WebUI", "Frontends\MultiShop.WebUI\MultiShop.WebUI.csproj", "{82BCAD3D-069C-4EB9-8AB5-0551561EC06B}"
EndProject
Project("{9A19103F-16F7-4668-BE54-9A1E7A4F7556}") = "MultiShop.DtoLayer", "Frontends\MultiShop.DtoLayer\MultiShop.DtoLayer.csproj", "{0150DCA1-10C7-4E65-989F-0F6BDC94BD6D}"
EndProject
Project("{2150E333-8FDC-42A3-9474-1A3956D46DE8}") = "Comment", "Comment", "{6B9310DB-AD16-4B62-AEC7-EAA80496271C}"
EndProject
Project("{FAE04EC0-301F-11D3-BF4B-00C04F79EFBC}") = "Multishop-Comment", "Services\Comment\Multishop-Comment\Multishop-Comment.csproj", "{152B343D-DE6A-474F-A1E7-682E9F440AA9}"
EndProject
Project("{2150E333-8FDC-42A3-9474-1A3956D46DE8}") = "ApiGateway", "ApiGateway", "{02EA681E-C7D8-13C7-8484-4AC65E1B71E8}"
EndProject
Project("{2150E333-8FDC-42A3-9474-1A3956D46DE8}") = "RapidApi", "RapidApi", "{2C605DF4-11C9-4526-936D-5A7325BD56BA}"
EndProject
Project("{FAE04EC0-301F-11D3-BF4B-00C04F79EFBC}") = "MultiShop.OcelotGateway", "ApiGateway\MultiShop.OcelotGateway\MultiShop.OcelotGateway.csproj", "{F5F15B72-70E4-4CCA-9A60-E2800092498B}"
EndProject
Global
	GlobalSection(SolutionConfigurationPlatforms) = preSolution
		Debug|Any CPU = Debug|Any CPU
		Release|Any CPU = Release|Any CPU
	EndGlobalSection
	GlobalSection(ProjectConfigurationPlatforms) = postSolution
		{FC93CBF4-E377-42C6-AE26-7E5C44992171}.Debug|Any CPU.ActiveCfg = Debug|Any CPU
		{FC93CBF4-E377-42C6-AE26-7E5C44992171}.Debug|Any CPU.Build.0 = Debug|Any CPU
		{FC93CBF4-E377-42C6-AE26-7E5C44992171}.Release|Any CPU.ActiveCfg = Release|Any CPU
		{FC93CBF4-E377-42C6-AE26-7E5C44992171}.Release|Any CPU.Build.0 = Release|Any CPU
		{B5337787-C7A3-4724-8A56-5852E5370BA7}.Debug|Any CPU.ActiveCfg = Debug|Any CPU
		{B5337787-C7A3-4724-8A56-5852E5370BA7}.Debug|Any CPU.Build.0 = Debug|Any CPU
		{B5337787-C7A3-4724-8A56-5852E5370BA7}.Release|Any CPU.ActiveCfg = Release|Any CPU
		{B5337787-C7A3-4724-8A56-5852E5370BA7}.Release|Any CPU.Build.0 = Release|Any CPU
		{B1CAECC4-9C92-405E-9281-79CBB51588F3}.Debug|Any CPU.ActiveCfg = Debug|Any CPU
		{B1CAECC4-9C92-405E-9281-79CBB51588F3}.Debug|Any CPU.Build.0 = Debug|Any CPU
		{B1CAECC4-9C92-405E-9281-79CBB51588F3}.Release|Any CPU.ActiveCfg = Release|Any CPU
		{B1CAECC4-9C92-405E-9281-79CBB51588F3}.Release|Any CPU.Build.0 = Release|Any CPU
		{99187CAE-B06E-4EF5-AF76-7BEBAE0356AF}.Debug|Any CPU.ActiveCfg = Debug|Any CPU
		{99187CAE-B06E-4EF5-AF76-7BEBAE0356AF}.Debug|Any CPU.Build.0 = Debug|Any CPU
		{99187CAE-B06E-4EF5-AF76-7BEBAE0356AF}.Release|Any CPU.ActiveCfg = Release|Any CPU
		{99187CAE-B06E-4EF5-AF76-7BEBAE0356AF}.Release|Any CPU.Build.0 = Release|Any CPU
		{F8E9D82B-AEC1-4169-9C22-79BE2D0A9D8C}.Debug|Any CPU.ActiveCfg = Debug|Any CPU
		{F8E9D82B-AEC1-4169-9C22-79BE2D0A9D8C}.Debug|Any CPU.Build.0 = Debug|Any CPU
		{F8E9D82B-AEC1-4169-9C22-79BE2D0A9D8C}.Release|Any CPU.ActiveCfg = Release|Any CPU
		{F8E9D82B-AEC1-4169-9C22-79BE2D0A9D8C}.Release|Any CPU.Build.0 = Release|Any CPU
		{C26F6338-4AB4-4900-BEC6-B0C9EE515D96}.Debug|Any CPU.ActiveCfg = Debug|Any CPU
		{C26F6338-4AB4-4900-BEC6-B0C9EE515D96}.Debug|Any CPU.Build.0 = Debug|Any CPU
		{C26F6338-4AB4-4900-BEC6-B0C9EE515D96}.Release|Any CPU.ActiveCfg = Release|Any CPU
		{C26F6338-4AB4-4900-BEC6-B0C9EE515D96}.Release|Any CPU.Build.0 = Release|Any CPU
		{851FC2F3-A5BE-4D91-930F-789675039E03}.Debug|Any CPU.ActiveCfg = Debug|Any CPU
		{851FC2F3-A5BE-4D91-930F-789675039E03}.Debug|Any CPU.Build.0 = Debug|Any CPU
		{851FC2F3-A5BE-4D91-930F-789675039E03}.Release|Any CPU.ActiveCfg = Release|Any CPU
		{851FC2F3-A5BE-4D91-930F-789675039E03}.Release|Any CPU.Build.0 = Release|Any CPU
		{D9B02782-E902-4E25-A8DB-02692606B707}.Debug|Any CPU.ActiveCfg = Debug|Any CPU
		{D9B02782-E902-4E25-A8DB-02692606B707}.Debug|Any CPU.Build.0 = Debug|Any CPU
		{D9B02782-E902-4E25-A8DB-02692606B707}.Release|Any CPU.ActiveCfg = Release|Any CPU
		{D9B02782-E902-4E25-A8DB-02692606B707}.Release|Any CPU.Build.0 = Release|Any CPU
		{F43C6F9B-7CF2-4B1A-A628-9407D7B1E04C}.Debug|Any CPU.ActiveCfg = Debug|Any CPU
		{F43C6F9B-7CF2-4B1A-A628-9407D7B1E04C}.Debug|Any CPU.Build.0 = Debug|Any CPU
		{F43C6F9B-7CF2-4B1A-A628-9407D7B1E04C}.Release|Any CPU.ActiveCfg = Release|Any CPU
		{F43C6F9B-7CF2-4B1A-A628-9407D7B1E04C}.Release|Any CPU.Build.0 = Release|Any CPU
		{8D5157DA-3181-47CF-91B8-AE6EF021A59A}.Debug|Any CPU.ActiveCfg = Debug|Any CPU
		{8D5157DA-3181-47CF-91B8-AE6EF021A59A}.Debug|Any CPU.Build.0 = Debug|Any CPU
		{8D5157DA-3181-47CF-91B8-AE6EF021A59A}.Release|Any CPU.ActiveCfg = Release|Any CPU
		{8D5157DA-3181-47CF-91B8-AE6EF021A59A}.Release|Any CPU.Build.0 = Release|Any CPU
		{9F3F6DA3-3C3A-49B8-9D5B-C2ED4EF39690}.Debug|Any CPU.ActiveCfg = Debug|Any CPU
		{9F3F6DA3-3C3A-49B8-9D5B-C2ED4EF39690}.Debug|Any CPU.Build.0 = Debug|Any CPU
		{9F3F6DA3-3C3A-49B8-9D5B-C2ED4EF39690}.Release|Any CPU.ActiveCfg = Release|Any CPU
		{9F3F6DA3-3C3A-49B8-9D5B-C2ED4EF39690}.Release|Any CPU.Build.0 = Release|Any CPU
		{D6F499E2-B83C-4EE2-9EE7-93E0F88104C0}.Debug|Any CPU.ActiveCfg = Debug|Any CPU
		{D6F499E2-B83C-4EE2-9EE7-93E0F88104C0}.Debug|Any CPU.Build.0 = Debug|Any CPU
		{D6F499E2-B83C-4EE2-9EE7-93E0F88104C0}.Release|Any CPU.ActiveCfg = Release|Any CPU
		{D6F499E2-B83C-4EE2-9EE7-93E0F88104C0}.Release|Any CPU.Build.0 = Release|Any CPU
		{9244C57F-A18C-4B46-8F9B-B536C8F34537}.Debug|Any CPU.ActiveCfg = Debug|Any CPU
		{9244C57F-A18C-4B46-8F9B-B536C8F34537}.Debug|Any CPU.Build.0 = Debug|Any CPU
		{9244C57F-A18C-4B46-8F9B-B536C8F34537}.Release|Any CPU.ActiveCfg = Release|Any CPU
		{9244C57F-A18C-4B46-8F9B-B536C8F34537}.Release|Any CPU.Build.0 = Release|Any CPU
		{82BCAD3D-069C-4EB9-8AB5-0551561EC06B}.Debug|Any CPU.ActiveCfg = Debug|Any CPU
		{82BCAD3D-069C-4EB9-8AB5-0551561EC06B}.Debug|Any CPU.Build.0 = Debug|Any CPU
		{82BCAD3D-069C-4EB9-8AB5-0551561EC06B}.Release|Any CPU.ActiveCfg = Release|Any CPU
		{82BCAD3D-069C-4EB9-8AB5-0551561EC06B}.Release|Any CPU.Build.0 = Release|Any CPU
		{0150DCA1-10C7-4E65-989F-0F6BDC94BD6D}.Debug|Any CPU.ActiveCfg = Debug|Any CPU
		{0150DCA1-10C7-4E65-989F-0F6BDC94BD6D}.Debug|Any CPU.Build.0 = Debug|Any CPU
		{0150DCA1-10C7-4E65-989F-0F6BDC94BD6D}.Release|Any CPU.ActiveCfg = Release|Any CPU
		{0150DCA1-10C7-4E65-989F-0F6BDC94BD6D}.Release|Any CPU.Build.0 = Release|Any CPU
		{152B343D-DE6A-474F-A1E7-682E9F440AA9}.Debug|Any CPU.ActiveCfg = Debug|Any CPU
		{152B343D-DE6A-474F-A1E7-682E9F440AA9}.Debug|Any CPU.Build.0 = Debug|Any CPU
		{152B343D-DE6A-474F-A1E7-682E9F440AA9}.Release|Any CPU.ActiveCfg = Release|Any CPU
		{152B343D-DE6A-474F-A1E7-682E9F440AA9}.Release|Any CPU.Build.0 = Release|Any CPU
		{F5F15B72-70E4-4CCA-9A60-E2800092498B}.Debug|Any CPU.ActiveCfg = Debug|Any CPU
		{F5F15B72-70E4-4CCA-9A60-E2800092498B}.Debug|Any CPU.Build.0 = Debug|Any CPU
		{F5F15B72-70E4-4CCA-9A60-E2800092498B}.Release|Any CPU.ActiveCfg = Release|Any CPU
		{F5F15B72-70E4-4CCA-9A60-E2800092498B}.Release|Any CPU.Build.0 = Release|Any CPU
	EndGlobalSection
	GlobalSection(SolutionProperties) = preSolution
		HideSolutionNode = FALSE
	EndGlobalSection
	GlobalSection(NestedProjects) = preSolution
		{24025C0B-E53A-4DA8-A0AC-3260B63D40C9} = {1E06EBFF-6C9D-48E8-8515-D90FACE7E3AA}
		{FC93CBF4-E377-42C6-AE26-7E5C44992171} = {24025C0B-E53A-4DA8-A0AC-3260B63D40C9}
		{11FAE494-7E62-4E02-B46B-1A94447B91A1} = {1E06EBFF-6C9D-48E8-8515-D90FACE7E3AA}
		{B5337787-C7A3-4724-8A56-5852E5370BA7} = {11FAE494-7E62-4E02-B46B-1A94447B91A1}
		{C4358AE1-670A-43FE-84B5-A458E057E11D} = {1E06EBFF-6C9D-48E8-8515-D90FACE7E3AA}
		{62D6D0E9-F83A-4B2C-B5F2-34015B6B7C3C} = {C4358AE1-670A-43FE-84B5-A458E057E11D}
		{B1CAECC4-9C92-405E-9281-79CBB51588F3} = {62D6D0E9-F83A-4B2C-B5F2-34015B6B7C3C}
		{99187CAE-B06E-4EF5-AF76-7BEBAE0356AF} = {62D6D0E9-F83A-4B2C-B5F2-34015B6B7C3C}
		{90FA5E6B-AD43-48ED-92CE-F6B8410CB475} = {C4358AE1-670A-43FE-84B5-A458E057E11D}
		{F8E9D82B-AEC1-4169-9C22-79BE2D0A9D8C} = {90FA5E6B-AD43-48ED-92CE-F6B8410CB475}
		{F3D3DF0F-1CF5-43D2-A72B-1CA8EDAAA11E} = {C4358AE1-670A-43FE-84B5-A458E057E11D}
		{C26F6338-4AB4-4900-BEC6-B0C9EE515D96} = {F3D3DF0F-1CF5-43D2-A72B-1CA8EDAAA11E}
		{851FC2F3-A5BE-4D91-930F-789675039E03} = {EEE05518-6C7C-4980-8D60-E9E3D18C2E5E}
		{26B5DE3F-0C24-464B-A1F6-3878E7D63128} = {1E06EBFF-6C9D-48E8-8515-D90FACE7E3AA}
		{D9B02782-E902-4E25-A8DB-02692606B707} = {26B5DE3F-0C24-464B-A1F6-3878E7D63128}
		{F43C6F9B-7CF2-4B1A-A628-9407D7B1E04C} = {26B5DE3F-0C24-464B-A1F6-3878E7D63128}
		{8D5157DA-3181-47CF-91B8-AE6EF021A59A} = {26B5DE3F-0C24-464B-A1F6-3878E7D63128}
		{9F3F6DA3-3C3A-49B8-9D5B-C2ED4EF39690} = {26B5DE3F-0C24-464B-A1F6-3878E7D63128}
		{D6F499E2-B83C-4EE2-9EE7-93E0F88104C0} = {26B5DE3F-0C24-464B-A1F6-3878E7D63128}
		{42EE854E-A82C-4537-AA11-0F6CCD0B46CB} = {1E06EBFF-6C9D-48E8-8515-D90FACE7E3AA}
		{9244C57F-A18C-4B46-8F9B-B536C8F34537} = {42EE854E-A82C-4537-AA11-0F6CCD0B46CB}
		{82BCAD3D-069C-4EB9-8AB5-0551561EC06B} = {7D6681E7-0A97-45B4-B9A9-043E455C7DAC}
		{0150DCA1-10C7-4E65-989F-0F6BDC94BD6D} = {7D6681E7-0A97-45B4-B9A9-043E455C7DAC}
		{6B9310DB-AD16-4B62-AEC7-EAA80496271C} = {1E06EBFF-6C9D-48E8-8515-D90FACE7E3AA}
		{152B343D-DE6A-474F-A1E7-682E9F440AA9} = {6B9310DB-AD16-4B62-AEC7-EAA80496271C}
		{F5F15B72-70E4-4CCA-9A60-E2800092498B} = {02EA681E-C7D8-13C7-8484-4AC65E1B71E8}
	EndGlobalSection
	GlobalSection(ExtensibilityGlobals) = postSolution
		SolutionGuid = {CB72A6CD-8CB7-4225-9E16-72A881D22486}
	EndGlobalSection
EndGlobal
